
Microsoft Visual Studio Solution File, Format Version 12.00
# Visual Studio Version 17
VisualStudioVersion = 17.4.33205.214
MinimumVisualStudioVersion = 10.0.40219.1
Project("{2150E333-8FDC-42A3-9474-1A3956D46DE8}") = "Solution Items", "Solution Items", "{3CE88303-917A-40A4-8282-2970A7F7B031}"
	ProjectSection(SolutionItems) = preProject
		.editorconfig = .editorconfig
		.gitignore = .gitignore
		CONTRIBUTION.md = CONTRIBUTION.md
		License.txt = License.txt
		NOTICE.txt = NOTICE.txt
		nuget.config = nuget.config
		README.md = README.md
		VERSION_HISTORY.md = VERSION_HISTORY.md
	EndProjectSection
EndProject
Project("{9A19103F-16F7-4668-BE54-9A1E7A4F7556}") = "RamDrive.OsfMount", "RamDrive.OsfMount\RamDrive.OsfMount.csproj", "{28B64E16-1773-4662-A5AE-221143D81037}"
EndProject
Project("{9A19103F-16F7-4668-BE54-9A1E7A4F7556}") = "RamDrive.OsfMount.IntegrationTests", "RamDrive.OsfMount.Tests\RamDrive.OsfMount.IntegrationTests.csproj", "{3D839BBE-45B1-4D94-A22A-938D51423F07}"
EndProject
Global
	GlobalSection(SolutionConfigurationPlatforms) = preSolution
		Debug|Any CPU = Debug|Any CPU
		Release|Any CPU = Release|Any CPU
	EndGlobalSection
	GlobalSection(ProjectConfigurationPlatforms) = postSolution
		{28B64E16-1773-4662-A5AE-221143D81037}.Debug|Any CPU.ActiveCfg = Debug|Any CPU
		{28B64E16-1773-4662-A5AE-221143D81037}.Debug|Any CPU.Build.0 = Debug|Any CPU
		{28B64E16-1773-4662-A5AE-221143D81037}.Release|Any CPU.ActiveCfg = Release|Any CPU
		{28B64E16-1773-4662-A5AE-221143D81037}.Release|Any CPU.Build.0 = Release|Any CPU
		{3D839BBE-45B1-4D94-A22A-938D51423F07}.Debug|Any CPU.ActiveCfg = Debug|Any CPU
		{3D839BBE-45B1-4D94-A22A-938D51423F07}.Debug|Any CPU.Build.0 = Debug|Any CPU
		{3D839BBE-45B1-4D94-A22A-938D51423F07}.Release|Any CPU.ActiveCfg = Release|Any CPU
		{3D839BBE-45B1-4D94-A22A-938D51423F07}.Release|Any CPU.Build.0 = Release|Any CPU
	EndGlobalSection
	GlobalSection(SolutionProperties) = preSolution
		HideSolutionNode = FALSE
	EndGlobalSection
	GlobalSection(ExtensibilityGlobals) = postSolution
		SolutionGuid = {4AC8BA64-2286-47C9-ABF2-CC19FE80F5A5}
	EndGlobalSection
EndGlobal
